// !$*UTF8*$!
{
	archiveVersion = 1;
	classes = {
	};
	objectVersion = 56;
	objects = {

/* Begin PBXBuildFile section */
		AAA000001 /* BroadcastAppApp.swift in Sources */ = {isa = PBXBuildFile; fileRef = AAA000011 /* BroadcastAppApp.swift */; };
		AAA000002 /* ContentView.swift in Sources */ = {isa = PBXBuildFile; fileRef = AAA000012 /* ContentView.swift */; };
		AAA000003 /* Constants.swift in Sources */ = {isa = PBXBuildFile; fileRef = AAA000013 /* Constants.swift */; };
		AAA000004 /* MessageTypes.swift in Sources */ = {isa = PBXBuildFile; fileRef = AAA000014 /* MessageTypes.swift */; };
		BBB000001 /* SampleHandler.swift in Sources */ = {isa = PBXBuildFile; fileRef = BBB000011 /* SampleHandler.swift */; };
		BBB000002 /* H264Encoder.swift in Sources */ = {isa = PBXBuildFile; fileRef = BBB000012 /* H264Encoder.swift */; };
		BBB000003 /* WebSocketClient.swift in Sources */ = {isa = PBXBuildFile; fileRef = BBB000013 /* WebSocketClient.swift */; };
		BBB000004 /* Constants.swift in Sources */ = {isa = PBXBuildFile; fileRef = AAA000013 /* Constants.swift */; };
		BBB000005 /* MessageTypes.swift in Sources */ = {isa = PBXBuildFile; fileRef = AAA000014 /* MessageTypes.swift */; };
		CCC000001 /* BroadcastExtension.appex in Embed Foundation Extensions */ = {isa = PBXBuildFile; fileRef = DDD000002 /* BroadcastExtension.appex */; settings = {ATTRIBUTES = (RemoveHeadersOnCopy, ); }; };
		D91D2ED72EEE9C6C003C5A09 /* DeviceInfo.swift in Sources */ = {isa = PBXBuildFile; fileRef = D91D2ED62EEE9C6C003C5A09 /* DeviceInfo.swift */; };
		D91D2ED82EEE9C6C003C5A09 /* DeviceInfo.swift in Sources */ = {isa = PBXBuildFile; fileRef = D91D2ED62EEE9C6C003C5A09 /* DeviceInfo.swift */; };
/* End PBXBuildFile section */

/* Begin PBXContainerItemProxy section */
		CCC000002 /* PBXContainerItemProxy */ = {
			isa = PBXContainerItemProxy;
			containerPortal = EEE000001 /* Project object */;
			proxyType = 1;
			remoteGlobalIDString = DDD000001;
			remoteInfo = BroadcastExtension;
		};
/* End PBXContainerItemProxy section */

/* Begin PBXCopyFilesBuildPhase section */
		CCC000003 /* Embed Foundation Extensions */ = {
			isa = PBXCopyFilesBuildPhase;
			buildActionMask = 2147483647;
			dstPath = "";
			dstSubfolderSpec = 13;
			files = (
				CCC000001 /* BroadcastExtension.appex in Embed Foundation Extensions */,
			);
			name = "Embed Foundation Extensions";
			runOnlyForDeploymentPostprocessing = 0;
		};
/* End PBXCopyFilesBuildPhase section */

/* Begin PBXFileReference section */
		AAA000011 /* BroadcastAppApp.swift */ = {isa = PBXFileReference; lastKnownFileType = sourcecode.swift; path = BroadcastAppApp.swift; sourceTree = "<group>"; };
		AAA000012 /* ContentView.swift */ = {isa = PBXFileReference; lastKnownFileType = sourcecode.swift; path = ContentView.swift; sourceTree = "<group>"; };
		AAA000013 /* Constants.swift */ = {isa = PBXFileReference; lastKnownFileType = sourcecode.swift; path = Constants.swift; sourceTree = "<group>"; };
		AAA000014 /* MessageTypes.swift */ = {isa = PBXFileReference; lastKnownFileType = sourcecode.swift; path = MessageTypes.swift; sourceTree = "<group>"; };
		AAA000015 /* Info.plist */ = {isa = PBXFileReference; lastKnownFileType = text.plist.xml; path = Info.plist; sourceTree = "<group>"; };
		AAA000016 /* BroadcastApp.entitlements */ = {isa = PBXFileReference; lastKnownFileType = text.plist.entitlements; path = BroadcastApp.entitlements; sourceTree = "<group>"; };
		BBB000011 /* SampleHandler.swift */ = {isa = PBXFileReference; lastKnownFileType = sourcecode.swift; path = SampleHandler.swift; sourceTree = "<group>"; };
		BBB000012 /* H264Encoder.swift */ = {isa = PBXFileReference; lastKnownFileType = sourcecode.swift; path = H264Encoder.swift; sourceTree = "<group>"; };
		BBB000013 /* WebSocketClient.swift */ = {isa = PBXFileReference; lastKnownFileType = sourcecode.swift; path = WebSocketClient.swift; sourceTree = "<group>"; };
		BBB000014 /* Info.plist */ = {isa = PBXFileReference; lastKnownFileType = text.plist.xml; path = Info.plist; sourceTree = "<group>"; };
		BBB000015 /* BroadcastExtension.entitlements */ = {isa = PBXFileReference; lastKnownFileType = text.plist.entitlements; path = BroadcastExtension.entitlements; sourceTree = "<group>"; };
		D91D2ED62EEE9C6C003C5A09 /* DeviceInfo.swift */ = {isa = PBXFileReference; lastKnownFileType = sourcecode.swift; path = DeviceInfo.swift; sourceTree = "<group>"; };
		DDD000002 /* BroadcastExtension.appex */ = {isa = PBXFileReference; explicitFileType = "wrapper.app-extension"; includeInIndex = 0; path = BroadcastExtension.appex; sourceTree = BUILT_PRODUCTS_DIR; };
		DDD000003 /* BroadcastApp.app */ = {isa = PBXFileReference; explicitFileType = wrapper.application; includeInIndex = 0; path = BroadcastApp.app; sourceTree = BUILT_PRODUCTS_DIR; };
/* End PBXFileReference section */

/* Begin PBXFrameworksBuildPhase section */
		FFF000001 /* Frameworks */ = {
			isa = PBXFrameworksBuildPhase;
			buildActionMask = 2147483647;
			files = (
			);
			runOnlyForDeploymentPostprocessing = 0;
		};
		FFF000002 /* Frameworks */ = {
			isa = PBXFrameworksBuildPhase;
			buildActionMask = 2147483647;
			files = (
			);
			runOnlyForDeploymentPostprocessing = 0;
		};
/* End PBXFrameworksBuildPhase section */

/* Begin PBXGroup section */
		GGG000001 = {
			isa = PBXGroup;
			children = (
				GGG000002 /* BroadcastApp */,
				GGG000003 /* BroadcastExtension */,
				GGG000004 /* Shared */,
				GGG000005 /* Products */,
			);
			sourceTree = "<group>";
		};
		GGG000002 /* BroadcastApp */ = {
			isa = PBXGroup;
			children = (
				AAA000011 /* BroadcastAppApp.swift */,
				AAA000012 /* ContentView.swift */,
				AAA000015 /* Info.plist */,
				AAA000016 /* BroadcastApp.entitlements */,
			);
			path = BroadcastApp;
			sourceTree = "<group>";
		};
		GGG000003 /* BroadcastExtension */ = {
			isa = PBXGroup;
			children = (
				BBB000011 /* SampleHandler.swift */,
				BBB000012 /* H264Encoder.swift */,
				BBB000013 /* WebSocketClient.swift */,
				BBB000014 /* Info.plist */,
				BBB000015 /* BroadcastExtension.entitlements */,
			);
			path = BroadcastExtension;
			sourceTree = "<group>";
		};
		GGG000004 /* Shared */ = {
			isa = PBXGroup;
			children = (
				D91D2ED62EEE9C6C003C5A09 /* DeviceInfo.swift */,
				AAA000013 /* Constants.swift */,
				AAA000014 /* MessageTypes.swift */,
			);
			path = Shared;
			sourceTree = "<group>";
		};
		GGG000005 /* Products */ = {
			isa = PBXGroup;
			children = (
				DDD000003 /* BroadcastApp.app */,
				DDD000002 /* BroadcastExtension.appex */,
			);
			name = Products;
			sourceTree = "<group>";
		};
/* End PBXGroup section */

/* Begin PBXNativeTarget section */
		DDD000000 /* BroadcastApp */ = {
			isa = PBXNativeTarget;
			buildConfigurationList = HHH000001 /* Build configuration list for PBXNativeTarget "BroadcastApp" */;
			buildPhases = (
				SSS000001 /* Sources */,
				FFF000001 /* Frameworks */,
				RRR000001 /* Resources */,
				CCC000003 /* Embed Foundation Extensions */,
			);
			buildRules = (
			);
			dependencies = (
				DDD000004 /* PBXTargetDependency */,
			);
			name = BroadcastApp;
			productName = BroadcastApp;
			productReference = DDD000003 /* BroadcastApp.app */;
			productType = "com.apple.product-type.application";
		};
		DDD000001 /* BroadcastExtension */ = {
			isa = PBXNativeTarget;
			buildConfigurationList = HHH000002 /* Build configuration list for PBXNativeTarget "BroadcastExtension" */;
			buildPhases = (
				SSS000002 /* Sources */,
				FFF000002 /* Frameworks */,
				RRR000002 /* Resources */,
			);
			buildRules = (
			);
			dependencies = (
			);
			name = BroadcastExtension;
			productName = BroadcastExtension;
			productReference = DDD000002 /* BroadcastExtension.appex */;
			productType = "com.apple.product-type.app-extension";
		};
/* End PBXNativeTarget section */

/* Begin PBXProject section */
		EEE000001 /* Project object */ = {
			isa = PBXProject;
			attributes = {
				BuildIndependentTargetsInParallel = 1;
				LastSwiftUpdateCheck = 1500;
				LastUpgradeCheck = 1500;
				TargetAttributes = {
					DDD000000 = {
						CreatedOnToolsVersion = 15.0;
					};
					DDD000001 = {
						CreatedOnToolsVersion = 15.0;
					};
				};
			};
			buildConfigurationList = HHH000000 /* Build configuration list for PBXProject "BroadcastApp" */;
			compatibilityVersion = "Xcode 14.0";
			developmentRegion = en;
			hasScannedForEncodings = 0;
			knownRegions = (
				en,
				Base,
			);
			mainGroup = GGG000001;
			productRefGroup = GGG000005 /* Products */;
			projectDirPath = "";
			projectRoot = "";
			targets = (
				DDD000000 /* BroadcastApp */,
				DDD000001 /* BroadcastExtension */,
			);
		};
/* End PBXProject section */

/* Begin PBXResourcesBuildPhase section */
		RRR000001 /* Resources */ = {
			isa = PBXResourcesBuildPhase;
			buildActionMask = 2147483647;
			files = (
			);
			runOnlyForDeploymentPostprocessing = 0;
		};
		RRR000002 /* Resources */ = {
			isa = PBXResourcesBuildPhase;
			buildActionMask = 2147483647;
			files = (
			);
			runOnlyForDeploymentPostprocessing = 0;
		};
/* End PBXResourcesBuildPhase section */

/* Begin PBXSourcesBuildPhase section */
		SSS000001 /* Sources */ = {
			isa = PBXSourcesBuildPhase;
			buildActionMask = 2147483647;
			files = (
				AAA000001 /* BroadcastAppApp.swift in Sources */,
				AAA000002 /* ContentView.swift in Sources */,
				AAA000003 /* Constants.swift in Sources */,
				AAA000004 /* MessageTypes.swift in Sources */,
				D91D2ED72EEE9C6C003C5A09 /* DeviceInfo.swift in Sources */,
			);
			runOnlyForDeploymentPostprocessing = 0;
		};
		SSS000002 /* Sources */ = {
			isa = PBXSourcesBuildPhase;
			buildActionMask = 2147483647;
			files = (
				BBB000001 /* SampleHandler.swift in Sources */,
				D91D2ED82EEE9C6C003C5A09 /* DeviceInfo.swift in Sources */,
				BBB000002 /* H264Encoder.swift in Sources */,
				BBB000003 /* WebSocketClient.swift in Sources */,
				BBB000004 /* Constants.swift in Sources */,
				BBB000005 /* MessageTypes.swift in Sources */,
			);
			runOnlyForDeploymentPostprocessing = 0;
		};
/* End PBXSourcesBuildPhase section */

/* Begin PBXTargetDependency section */
		DDD000004 /* PBXTargetDependency */ = {
			isa = PBXTargetDependency;
			target = DDD000001 /* BroadcastExtension */;
			targetProxy = CCC000002 /* PBXContainerItemProxy */;
		};
/* End PBXTargetDependency section */

/* Begin XCBuildConfiguration section */
		III000001 /* Debug */ = {
			isa = XCBuildConfiguration;
			buildSettings = {
				ALWAYS_SEARCH_USER_PATHS = NO;
				ASSETCATALOG_COMPILER_GENERATE_SWIFT_ASSET_SYMBOL_EXTENSIONS = YES;
				CLANG_ANALYZER_NONNULL = YES;
				CLANG_ANALYZER_NUMBER_OBJECT_CONVERSION = YES_AGGRESSIVE;
				CLANG_CXX_LANGUAGE_STANDARD = "gnu++20";
				CLANG_ENABLE_MODULES = YES;
				CLANG_ENABLE_OBJC_ARC = YES;
				CLANG_ENABLE_OBJC_WEAK = YES;
				CLANG_WARN_BLOCK_CAPTURE_AUTORELEASING = YES;
				CLANG_WARN_BOOL_CONVERSION = YES;
				CLANG_WARN_COMMA = YES;
				CLANG_WARN_CONSTANT_CONVERSION = YES;
				CLANG_WARN_DEPRECATED_OBJC_IMPLEMENTATIONS = YES;
				CLANG_WARN_DIRECT_OBJC_ISA_USAGE = YES_ERROR;
				CLANG_WARN_DOCUMENTATION_COMMENTS = YES;
				CLANG_WARN_EMPTY_BODY = YES;
				CLANG_WARN_ENUM_CONVERSION = YES;
				CLANG_WARN_INFINITE_RECURSION = YES;
				CLANG_WARN_INT_CONVERSION = YES;
				CLANG_WARN_NON_LITERAL_NULL_CONVERSION = YES;
				CLANG_WARN_OBJC_IMPLICIT_RETAIN_SELF = YES;
				CLANG_WARN_OBJC_LITERAL_CONVERSION = YES;
				CLANG_WARN_OBJC_ROOT_CLASS = YES_ERROR;
				CLANG_WARN_QUOTED_INCLUDE_IN_FRAMEWORK_HEADER = YES;
				CLANG_WARN_RANGE_LOOP_ANALYSIS = YES;
				CLANG_WARN_STRICT_PROTOTYPES = YES;
				CLANG_WARN_SUSPICIOUS_MOVE = YES;
				CLANG_WARN_UNGUARDED_AVAILABILITY = YES_AGGRESSIVE;
				CLANG_WARN_UNREACHABLE_CODE = YES;
				CLANG_WARN__DUPLICATE_METHOD_MATCH = YES;
				COPY_PHASE_STRIP = NO;
				DEBUG_INFORMATION_FORMAT = dwarf;
				ENABLE_STRICT_OBJC_MSGSEND = YES;
				ENABLE_TESTABILITY = YES;
				ENABLE_USER_SCRIPT_SANDBOXING = YES;
				GCC_C_LANGUAGE_STANDARD = gnu17;
				GCC_DYNAMIC_NO_PIC = NO;
				GCC_NO_COMMON_BLOCKS = YES;
				GCC_OPTIMIZATION_LEVEL = 0;
				GCC_PREPROCESSOR_DEFINITIONS = (
					"DEBUG=1",
					"$(inherited)",
				);
				GCC_WARN_64_TO_32_BIT_CONVERSION = YES;
				GCC_WARN_ABOUT_RETURN_TYPE = YES_ERROR;
				GCC_WARN_UNDECLARED_SELECTOR = YES;
				GCC_WARN_UNINITIALIZED_AUTOS = YES_AGGRESSIVE;
				GCC_WARN_UNUSED_FUNCTION = YES;
				GCC_WARN_UNUSED_VARIABLE = YES;
				IPHONEOS_DEPLOYMENT_TARGET = 15.0;
				LOCALIZATION_PREFERS_STRING_CATALOGS = YES;
				MTL_ENABLE_DEBUG_INFO = INCLUDE_SOURCE;
				MTL_FAST_MATH = YES;
				ONLY_ACTIVE_ARCH = YES;
				SDKROOT = iphoneos;
				SWIFT_ACTIVE_COMPILATION_CONDITIONS = "DEBUG $(inherited)";
				SWIFT_OPTIMIZATION_LEVEL = "-Onone";
			};
			name = Debug;
		};
		III000002 /* Release */ = {
			isa = XCBuildConfiguration;
			buildSettings = {
				ALWAYS_SEARCH_USER_PATHS = NO;
				ASSETCATALOG_COMPILER_GENERATE_SWIFT_ASSET_SYMBOL_EXTENSIONS = YES;
				CLANG_ANALYZER_NONNULL = YES;
				CLANG_ANALYZER_NUMBER_OBJECT_CONVERSION = YES_AGGRESSIVE;
				CLANG_CXX_LANGUAGE_STANDARD = "gnu++20";
				CLANG_ENABLE_MODULES = YES;
				CLANG_ENABLE_OBJC_ARC = YES;
				CLANG_ENABLE_OBJC_WEAK = YES;
				CLANG_WARN_BLOCK_CAPTURE_AUTORELEASING = YES;
				CLANG_WARN_BOOL_CONVERSION = YES;
				CLANG_WARN_COMMA = YES;
				CLANG_WARN_CONSTANT_CONVERSION = YES;
				CLANG_WARN_DEPRECATED_OBJC_IMPLEMENTATIONS = YES;
				CLANG_WARN_DIRECT_OBJC_ISA_USAGE = YES_ERROR;
				CLANG_WARN_DOCUMENTATION_COMMENTS = YES;
				CLANG_WARN_EMPTY_BODY = YES;
				CLANG_WARN_ENUM_CONVERSION = YES;
				CLANG_WARN_INFINITE_RECURSION = YES;
				CLANG_WARN_INT_CONVERSION = YES;
				CLANG_WARN_NON_LITERAL_NULL_CONVERSION = YES;
				CLANG_WARN_OBJC_IMPLICIT_RETAIN_SELF = YES;
				CLANG_WARN_OBJC_LITERAL_CONVERSION = YES;
				CLANG_WARN_OBJC_ROOT_CLASS = YES_ERROR;
				CLANG_WARN_QUOTED_INCLUDE_IN_FRAMEWORK_HEADER = YES;
				CLANG_WARN_RANGE_LOOP_ANALYSIS = YES;
				CLANG_WARN_STRICT_PROTOTYPES = YES;
				CLANG_WARN_SUSPICIOUS_MOVE = YES;
				CLANG_WARN_UNGUARDED_AVAILABILITY = YES_AGGRESSIVE;
				CLANG_WARN_UNREACHABLE_CODE = YES;
				CLANG_WARN__DUPLICATE_METHOD_MATCH = YES;
				COPY_PHASE_STRIP = NO;
				DEBUG_INFORMATION_FORMAT = "dwarf-with-dsym";
				ENABLE_NS_ASSERTIONS = NO;
				ENABLE_STRICT_OBJC_MSGSEND = YES;
				ENABLE_USER_SCRIPT_SANDBOXING = YES;
				GCC_C_LANGUAGE_STANDARD = gnu17;
				GCC_NO_COMMON_BLOCKS = YES;
				GCC_WARN_64_TO_32_BIT_CONVERSION = YES;
				GCC_WARN_ABOUT_RETURN_TYPE = YES_ERROR;
				GCC_WARN_UNDECLARED_SELECTOR = YES;
				GCC_WARN_UNINITIALIZED_AUTOS = YES_AGGRESSIVE;
				GCC_WARN_UNUSED_FUNCTION = YES;
				GCC_WARN_UNUSED_VARIABLE = YES;
				IPHONEOS_DEPLOYMENT_TARGET = 15.0;
				LOCALIZATION_PREFERS_STRING_CATALOGS = YES;
				MTL_ENABLE_DEBUG_INFO = NO;
				MTL_FAST_MATH = YES;
				SDKROOT = iphoneos;
				SWIFT_COMPILATION_MODE = wholemodule;
				VALIDATE_PRODUCT = YES;
			};
			name = Release;
		};
		JJJ000001 /* Debug */ = {
			isa = XCBuildConfiguration;
			buildSettings = {
				ALWAYS_EMBED_SWIFT_STANDARD_LIBRARIES = YES;
				ASSETCATALOG_COMPILER_APPICON_NAME = AppIcon;
				ASSETCATALOG_COMPILER_GLOBAL_ACCENT_COLOR_NAME = AccentColor;
				CODE_SIGN_ENTITLEMENTS = BroadcastApp/BroadcastApp.entitlements;
				CODE_SIGN_STYLE = Automatic;
				CURRENT_PROJECT_VERSION = 1;
				DEVELOPMENT_TEAM = 669TY9XL65;
				ENABLE_PREVIEWS = YES;
				GENERATE_INFOPLIST_FILE = YES;
				INFOPLIST_KEY_CFBundleDisplayName = "Screen Streamer";
				INFOPLIST_KEY_NSLocalNetworkUsageDescription = "This app needs local network access to stream screen content to the server.";
				INFOPLIST_KEY_UIApplicationSceneManifest_Generation = YES;
				INFOPLIST_KEY_UIApplicationSupportsIndirectInputEvents = YES;
				INFOPLIST_KEY_UILaunchScreen_Generation = YES;
				INFOPLIST_KEY_UISupportedInterfaceOrientations_iPad = "UIInterfaceOrientationPortrait UIInterfaceOrientationPortraitUpsideDown UIInterfaceOrientationLandscapeLeft UIInterfaceOrientationLandscapeRight";
				INFOPLIST_KEY_UISupportedInterfaceOrientations_iPhone = "UIInterfaceOrientationPortrait UIInterfaceOrientationLandscapeLeft UIInterfaceOrientationLandscapeRight";
				LD_RUNPATH_SEARCH_PATHS = (
					"$(inherited)",
					"@executable_path/Frameworks",
				);
				MARKETING_VERSION = 1.0;
				PRODUCT_BUNDLE_IDENTIFIER = com.nativebridge.broadcast;
				PRODUCT_NAME = "$(TARGET_NAME)";
				SWIFT_EMIT_LOC_STRINGS = YES;
				SWIFT_VERSION = 5.0;
				TARGETED_DEVICE_FAMILY = "1,2";
			};
			name = Debug;
		};
		JJJ000002 /* Release */ = {
			isa = XCBuildConfiguration;
			buildSettings = {
				ALWAYS_EMBED_SWIFT_STANDARD_LIBRARIES = YES;
				ASSETCATALOG_COMPILER_APPICON_NAME = AppIcon;
				ASSETCATALOG_COMPILER_GLOBAL_ACCENT_COLOR_NAME = AccentColor;
				CODE_SIGN_ENTITLEMENTS = BroadcastApp/BroadcastApp.entitlements;
				CODE_SIGN_STYLE = Automatic;
				CURRENT_PROJECT_VERSION = 1;
				DEVELOPMENT_TEAM = 669TY9XL65;
				ENABLE_PREVIEWS = YES;
				GENERATE_INFOPLIST_FILE = YES;
				INFOPLIST_KEY_CFBundleDisplayName = "Screen Streamer";
				INFOPLIST_KEY_NSLocalNetworkUsageDescription = "This app needs local network access to stream screen content to the server.";
				INFOPLIST_KEY_UIApplicationSceneManifest_Generation = YES;
				INFOPLIST_KEY_UIApplicationSupportsIndirectInputEvents = YES;
				INFOPLIST_KEY_UILaunchScreen_Generation = YES;
				INFOPLIST_KEY_UISupportedInterfaceOrientations_iPad = "UIInterfaceOrientationPortrait UIInterfaceOrientationPortraitUpsideDown UIInterfaceOrientationLandscapeLeft UIInterfaceOrientationLandscapeRight";
				INFOPLIST_KEY_UISupportedInterfaceOrientations_iPhone = "UIInterfaceOrientationPortrait UIInterfaceOrientationLandscapeLeft UIInterfaceOrientationLandscapeRight";
				LD_RUNPATH_SEARCH_PATHS = (
					"$(inherited)",
					"@executable_path/Frameworks",
				);
				MARKETING_VERSION = 1.0;
				PRODUCT_BUNDLE_IDENTIFIER = com.nativebridge.broadcast;
				PRODUCT_NAME = "$(TARGET_NAME)";
				SWIFT_EMIT_LOC_STRINGS = YES;
				SWIFT_VERSION = 5.0;
				TARGETED_DEVICE_FAMILY = "1,2";
			};
			name = Release;
		};
		KKK000001 /* Debug */ = {
			isa = XCBuildConfiguration;
			buildSettings = {
				CODE_SIGN_ENTITLEMENTS = BroadcastExtension/BroadcastExtension.entitlements;
				CODE_SIGN_STYLE = Automatic;
				CURRENT_PROJECT_VERSION = 1;
				DEVELOPMENT_TEAM = 669TY9XL65;
				GENERATE_INFOPLIST_FILE = NO;
				INFOPLIST_FILE = BroadcastExtension/Info.plist;
				LD_RUNPATH_SEARCH_PATHS = (
					"$(inherited)",
					"@executable_path/Frameworks",
					"@executable_path/../../Frameworks",
				);
				MARKETING_VERSION = 1.0;
				PRODUCT_BUNDLE_IDENTIFIER = com.nativebridge.broadcast.extension;
				PRODUCT_NAME = "$(TARGET_NAME)";
				SKIP_INSTALL = YES;
				SWIFT_EMIT_LOC_STRINGS = YES;
				SWIFT_VERSION = 5.0;
				TARGETED_DEVICE_FAMILY = "1,2";
			};
			name = Debug;
		};
		KKK000002 /* Release */ = {
			isa = XCBuildConfiguration;
			buildSettings = {
				CODE_SIGN_ENTITLEMENTS = BroadcastExtension/BroadcastExtension.entitlements;
				CODE_SIGN_STYLE = Automatic;
				CURRENT_PROJECT_VERSION = 1;
				DEVELOPMENT_TEAM = 669TY9XL65;
				GENERATE_INFOPLIST_FILE = NO;
				INFOPLIST_FILE = BroadcastExtension/Info.plist;
				LD_RUNPATH_SEARCH_PATHS = (
					"$(inherited)",
					"@executable_path/Frameworks",
					"@executable_path/../../Frameworks",
				);
				MARKETING_VERSION = 1.0;
				PRODUCT_BUNDLE_IDENTIFIER = com.nativebridge.broadcast.extension;
				PRODUCT_NAME = "$(TARGET_NAME)";
				SKIP_INSTALL = YES;
				SWIFT_EMIT_LOC_STRINGS = YES;
				SWIFT_VERSION = 5.0;
				TARGETED_DEVICE_FAMILY = "1,2";
			};
			name = Release;
		};
/* End XCBuildConfiguration section */

/* Begin XCConfigurationList section */
		HHH000000 /* Build configuration list for PBXProject "BroadcastApp" */ = {
			isa = XCConfigurationList;
			buildConfigurations = (
				III000001 /* Debug */,
				III000002 /* Release */,
			);
			defaultConfigurationIsVisible = 0;
			defaultConfigurationName = Release;
		};
		HHH000001 /* Build configuration list for PBXNativeTarget "BroadcastApp" */ = {
			isa = XCConfigurationList;
			buildConfigurations = (
				JJJ000001 /* Debug */,
				JJJ000002 /* Release */,
			);
			defaultConfigurationIsVisible = 0;
			defaultConfigurationName = Release;
		};
		HHH000002 /* Build configuration list for PBXNativeTarget "BroadcastExtension" */ = {
			isa = XCConfigurationList;
			buildConfigurations = (
				KKK000001 /* Debug */,
				KKK000002 /* Release */,
			);
			defaultConfigurationIsVisible = 0;
			defaultConfigurationName = Release;
		};
/* End XCConfigurationList section */
	};
	rootObject = EEE000001 /* Project object */;
}
